// !$*UTF8*$!
{
	archiveVersion = 1;
	classes = {
	};
	objectVersion = 46;
	objects = {

/* Begin PBXBuildFile section */
		766511521A2331A60046F22C /* main.m in Sources */ = {isa = PBXBuildFile; fileRef = 766511511A2331A60046F22C /* main.m */; };
		766511551A2331A60046F22C /* AppDelegate.m in Sources */ = {isa = PBXBuildFile; fileRef = 766511541A2331A60046F22C /* AppDelegate.m */; };
		766511581A2331A60046F22C /* ViewController.m in Sources */ = {isa = PBXBuildFile; fileRef = 766511571A2331A60046F22C /* ViewController.m */; };
		7665115B1A2331A60046F22C /* Main.storyboard in Resources */ = {isa = PBXBuildFile; fileRef = 766511591A2331A60046F22C /* Main.storyboard */; };
		7665115D1A2331A70046F22C /* Images.xcassets in Resources */ = {isa = PBXBuildFile; fileRef = 7665115C1A2331A70046F22C /* Images.xcassets */; };
		766511601A2331A70046F22C /* LaunchScreen.xib in Resources */ = {isa = PBXBuildFile; fileRef = 7665115E1A2331A70046F22C /* LaunchScreen.xib */; };
		7665116C1A2331A70046F22C /* testBookDisplay_1Tests.m in Sources */ = {isa = PBXBuildFile; fileRef = 7665116B1A2331A70046F22C /* testBookDisplay_1Tests.m */; };
		766511771A2331C10046F22C /* BookViewController.m in Sources */ = {isa = PBXBuildFile; fileRef = 766511761A2331C10046F22C /* BookViewController.m */; };
		766511791A23324D0046F22C /* backGround.jpg in Resources */ = {isa = PBXBuildFile; fileRef = 766511781A23324D0046F22C /* backGround.jpg */; };
		7665117B1A2332540046F22C /* mario.ico in Resources */ = {isa = PBXBuildFile; fileRef = 7665117A1A2332540046F22C /* mario.ico */; };
/* End PBXBuildFile section */

/* Begin PBXContainerItemProxy section */
		766511661A2331A70046F22C /* PBXContainerItemProxy */ = {
			isa = PBXContainerItemProxy;
			containerPortal = 766511441A2331A60046F22C /* Project object */;
			proxyType = 1;
			remoteGlobalIDString = 7665114B1A2331A60046F22C;
			remoteInfo = testBookDisplay_1;
		};
/* End PBXContainerItemProxy section */

/* Begin PBXFileReference section */
		7665114C1A2331A60046F22C /* testBookDisplay_1.app */ = {isa = PBXFileReference; explicitFileType = wrapper.application; includeInIndex = 0; path = testBookDisplay_1.app; sourceTree = BUILT_PRODUCTS_DIR; };
		766511501A2331A60046F22C /* Info.plist */ = {isa = PBXFileReference; lastKnownFileType = text.plist.xml; path = Info.plist; sourceTree = "<group>"; };
		766511511A2331A60046F22C /* main.m */ = {isa = PBXFileReference; lastKnownFileType = sourcecode.c.objc; path = main.m; sourceTree = "<group>"; };
		766511531A2331A60046F22C /* AppDelegate.h */ = {isa = PBXFileReference; lastKnownFileType = sourcecode.c.h; path = AppDelegate.h; sourceTree = "<group>"; };
		766511541A2331A60046F22C /* AppDelegate.m */ = {isa = PBXFileReference; lastKnownFileType = sourcecode.c.objc; path = AppDelegate.m; sourceTree = "<group>"; };
		766511561A2331A60046F22C /* ViewController.h */ = {isa = PBXFileReference; lastKnownFileType = sourcecode.c.h; path = ViewController.h; sourceTree = "<group>"; };
		766511571A2331A60046F22C /* ViewController.m */ = {isa = PBXFileReference; lastKnownFileType = sourcecode.c.objc; path = ViewController.m; sourceTree = "<group>"; };
		7665115A1A2331A60046F22C /* Base */ = {isa = PBXFileReference; lastKnownFileType = file.storyboard; name = Base; path = Base.lproj/Main.storyboard; sourceTree = "<group>"; };
		7665115C1A2331A70046F22C /* Images.xcassets */ = {isa = PBXFileReference; lastKnownFileType = folder.assetcatalog; path = Images.xcassets; sourceTree = "<group>"; };
		7665115F1A2331A70046F22C /* Base */ = {isa = PBXFileReference; lastKnownFileType = file.xib; name = Base; path = Base.lproj/LaunchScreen.xib; sourceTree = "<group>"; };
		766511651A2331A70046F22C /* testBookDisplay_1Tests.xctest */ = {isa = PBXFileReference; explicitFileType = wrapper.cfbundle; includeInIndex = 0; path = testBookDisplay_1Tests.xctest; sourceTree = BUILT_PRODUCTS_DIR; };
		7665116A1A2331A70046F22C /* Info.plist */ = {isa = PBXFileReference; lastKnownFileType = text.plist.xml; path = Info.plist; sourceTree = "<group>"; };
		7665116B1A2331A70046F22C /* testBookDisplay_1Tests.m */ = {isa = PBXFileReference; lastKnownFileType = sourcecode.c.objc; path = testBookDisplay_1Tests.m; sourceTree = "<group>"; };
		766511751A2331C10046F22C /* BookViewController.h */ = {isa = PBXFileReference; fileEncoding = 4; lastKnownFileType = sourcecode.c.h; path = BookViewController.h; sourceTree = "<group>"; };
		766511761A2331C10046F22C /* BookViewController.m */ = {isa = PBXFileReference; fileEncoding = 4; lastKnownFileType = sourcecode.c.objc; path = BookViewController.m; sourceTree = "<group>"; };
		766511781A23324D0046F22C /* backGround.jpg */ = {isa = PBXFileReference; lastKnownFileType = image.jpeg; path = backGround.jpg; sourceTree = "<group>"; };
		7665117A1A2332540046F22C /* mario.ico */ = {isa = PBXFileReference; lastKnownFileType = image.ico; path = mario.ico; sourceTree = "<group>"; };
/* End PBXFileReference section */

/* Begin PBXFrameworksBuildPhase section */
		766511491A2331A60046F22C /* Frameworks */ = {
			isa = PBXFrameworksBuildPhase;
			buildActionMask = 2147483647;
			files = (
			);
			runOnlyForDeploymentPostprocessing = 0;
		};
		766511621A2331A70046F22C /* Frameworks */ = {
			isa = PBXFrameworksBuildPhase;
			buildActionMask = 2147483647;
			files = (
			);
			runOnlyForDeploymentPostprocessing = 0;
		};
/* End PBXFrameworksBuildPhase section */

/* Begin PBXGroup section */
		766511431A2331A60046F22C = {
			isa = PBXGroup;
			children = (
				7665114E1A2331A60046F22C /* testBookDisplay_1 */,
				766511681A2331A70046F22C /* testBookDisplay_1Tests */,
				7665114D1A2331A60046F22C /* Products */,
			);
			sourceTree = "<group>";
		};
		7665114D1A2331A60046F22C /* Products */ = {
			isa = PBXGroup;
			children = (
				7665114C1A2331A60046F22C /* testBookDisplay_1.app */,
				766511651A2331A70046F22C /* testBookDisplay_1Tests.xctest */,
			);
			name = Products;
			sourceTree = "<group>";
		};
		7665114E1A2331A60046F22C /* testBookDisplay_1 */ = {
			isa = PBXGroup;
			children = (
				766511531A2331A60046F22C /* AppDelegate.h */,
				766511541A2331A60046F22C /* AppDelegate.m */,
				766511561A2331A60046F22C /* ViewController.h */,
				766511571A2331A60046F22C /* ViewController.m */,
				766511591A2331A60046F22C /* Main.storyboard */,
				7665115C1A2331A70046F22C /* Images.xcassets */,
				7665115E1A2331A70046F22C /* LaunchScreen.xib */,
				7665114F1A2331A60046F22C /* Supporting Files */,
				766511751A2331C10046F22C /* BookViewController.h */,
				766511761A2331C10046F22C /* BookViewController.m */,
			);
			path = testBookDisplay_1;
			sourceTree = "<group>";
		};
		7665114F1A2331A60046F22C /* Supporting Files */ = {
			isa = PBXGroup;
			children = (
				7665117A1A2332540046F22C /* mario.ico */,
				766511781A23324D0046F22C /* backGround.jpg */,
				766511501A2331A60046F22C /* Info.plist */,
				766511511A2331A60046F22C /* main.m */,
			);
			name = "Supporting Files";
			sourceTree = "<group>";
		};
		766511681A2331A70046F22C /* testBookDisplay_1Tests */ = {
			isa = PBXGroup;
			children = (
				7665116B1A2331A70046F22C /* testBookDisplay_1Tests.m */,
				766511691A2331A70046F22C /* Supporting Files */,
			);
			path = testBookDisplay_1Tests;
			sourceTree = "<group>";
		};
		766511691A2331A70046F22C /* Supporting Files */ = {
			isa = PBXGroup;
			children = (
				7665116A1A2331A70046F22C /* Info.plist */,
			);
			name = "Supporting Files";
			sourceTree = "<group>";
		};
/* End PBXGroup section */

/* Begin PBXNativeTarget section */
		7665114B1A2331A60046F22C /* testBookDisplay_1 */ = {
			isa = PBXNativeTarget;
			buildConfigurationList = 7665116F1A2331A70046F22C /* Build configuration list for PBXNativeTarget "testBookDisplay_1" */;
			buildPhases = (
				766511481A2331A60046F22C /* Sources */,
				766511491A2331A60046F22C /* Frameworks */,
				7665114A1A2331A60046F22C /* Resources */,
			);
			buildRules = (
			);
			dependencies = (
			);
			name = testBookDisplay_1;
			productName = testBookDisplay_1;
			productReference = 7665114C1A2331A60046F22C /* testBookDisplay_1.app */;
			productType = "com.apple.product-type.application";
		};
		766511641A2331A70046F22C /* testBookDisplay_1Tests */ = {
			isa = PBXNativeTarget;
			buildConfigurationList = 766511721A2331A70046F22C /* Build configuration list for PBXNativeTarget "testBookDisplay_1Tests" */;
			buildPhases = (
				766511611A2331A70046F22C /* Sources */,
				766511621A2331A70046F22C /* Frameworks */,
				766511631A2331A70046F22C /* Resources */,
			);
			buildRules = (
			);
			dependencies = (
				766511671A2331A70046F22C /* PBXTargetDependency */,
			);
			name = testBookDisplay_1Tests;
			productName = testBookDisplay_1Tests;
			productReference = 766511651A2331A70046F22C /* testBookDisplay_1Tests.xctest */;
			productType = "com.apple.product-type.bundle.unit-test";
		};
/* End PBXNativeTarget section */

/* Begin PBXProject section */
		766511441A2331A60046F22C /* Project object */ = {
			isa = PBXProject;
			attributes = {
				LastUpgradeCheck = 0610;
				ORGANIZATIONNAME = Cyrilshanway;
				TargetAttributes = {
					7665114B1A2331A60046F22C = {
						CreatedOnToolsVersion = 6.1;
					};
					766511641A2331A70046F22C = {
						CreatedOnToolsVersion = 6.1;
						TestTargetID = 7665114B1A2331A60046F22C;
					};
				};
			};
			buildConfigurationList = 766511471A2331A60046F22C /* Build configuration list for PBXProject "testBookDisplay_1" */;
			compatibilityVersion = "Xcode 3.2";
			developmentRegion = English;
			hasScannedForEncodings = 0;
			knownRegions = (
				en,
				Base,
			);
			mainGroup = 766511431A2331A60046F22C;
			productRefGroup = 7665114D1A2331A60046F22C /* Products */;
			projectDirPath = "";
			projectRoot = "";
			targets = (
				7665114B1A2331A60046F22C /* testBookDisplay_1 */,
				766511641A2331A70046F22C /* testBookDisplay_1Tests */,
			);
		};
/* End PBXProject section */

/* Begin PBXResourcesBuildPhase section */
		7665114A1A2331A60046F22C /* Resources */ = {
			isa = PBXResourcesBuildPhase;
			buildActionMask = 2147483647;
			files = (
				7665115B1A2331A60046F22C /* Main.storyboard in Resources */,
				7665117B1A2332540046F22C /* mario.ico in Resources */,
				766511791A23324D0046F22C /* backGround.jpg in Resources */,
				766511601A2331A70046F22C /* LaunchScreen.xib in Resources */,
				7665115D1A2331A70046F22C /* Images.xcassets in Resources */,
			);
			runOnlyForDeploymentPostprocessing = 0;
		};
		766511631A2331A70046F22C /* Resources */ = {
			isa = PBXResourcesBuildPhase;
			buildActionMask = 2147483647;
			files = (
			);
			runOnlyForDeploymentPostprocessing = 0;
		};
/* End PBXResourcesBuildPhase section */

/* Begin PBXSourcesBuildPhase section */
		766511481A2331A60046F22C /* Sources */ = {
			isa = PBXSourcesBuildPhase;
			buildActionMask = 2147483647;
			files = (
				766511581A2331A60046F22C /* ViewController.m in Sources */,
				766511771A2331C10046F22C /* BookViewController.m in Sources */,
				766511551A2331A60046F22C /* AppDelegate.m in Sources */,
				766511521A2331A60046F22C /* main.m in Sources */,
			);
			runOnlyForDeploymentPostprocessing = 0;
		};
		766511611A2331A70046F22C /* Sources */ = {
			isa = PBXSourcesBuildPhase;
			buildActionMask = 2147483647;
			files = (
				7665116C1A2331A70046F22C /* testBookDisplay_1Tests.m in Sources */,
			);
			runOnlyForDeploymentPostprocessing = 0;
		};
/* End PBXSourcesBuildPhase section */

/* Begin PBXTargetDependency section */
		766511671A2331A70046F22C /* PBXTargetDependency */ = {
			isa = PBXTargetDependency;
			target = 7665114B1A2331A60046F22C /* testBookDisplay_1 */;
			targetProxy = 766511661A2331A70046F22C /* PBXContainerItemProxy */;
		};
/* End PBXTargetDependency section */

/* Begin PBXVariantGroup section */
		766511591A2331A60046F22C /* Main.storyboard */ = {
			isa = PBXVariantGroup;
			children = (
				7665115A1A2331A60046F22C /* Base */,
			);
			name = Main.storyboard;
			sourceTree = "<group>";
		};
		7665115E1A2331A70046F22C /* LaunchScreen.xib */ = {
			isa = PBXVariantGroup;
			children = (
				7665115F1A2331A70046F22C /* Base */,
			);
			name = LaunchScreen.xib;
			sourceTree = "<group>";
		};
/* End PBXVariantGroup section */

/* Begin XCBuildConfiguration section */
		7665116D1A2331A70046F22C /* Debug */ = {
			isa = XCBuildConfiguration;
			buildSettings = {
				ALWAYS_SEARCH_USER_PATHS = NO;
				CLANG_CXX_LANGUAGE_STANDARD = "gnu++0x";
				CLANG_CXX_LIBRARY = "libc++";
				CLANG_ENABLE_MODULES = YES;
				CLANG_ENABLE_OBJC_ARC = YES;
				CLANG_WARN_BOOL_CONVERSION = YES;
				CLANG_WARN_CONSTANT_CONVERSION = YES;
				CLANG_WARN_DIRECT_OBJC_ISA_USAGE = YES_ERROR;
				CLANG_WARN_EMPTY_BODY = YES;
				CLANG_WARN_ENUM_CONVERSION = YES;
				CLANG_WARN_INT_CONVERSION = YES;
				CLANG_WARN_OBJC_ROOT_CLASS = YES_ERROR;
				CLANG_WARN_UNREACHABLE_CODE = YES;
				CLANG_WARN__DUPLICATE_METHOD_MATCH = YES;
				"CODE_SIGN_IDENTITY[sdk=iphoneos*]" = "iPhone Developer";
				COPY_PHASE_STRIP = NO;
				ENABLE_STRICT_OBJC_MSGSEND = YES;
				GCC_C_LANGUAGE_STANDARD = gnu99;
				GCC_DYNAMIC_NO_PIC = NO;
				GCC_OPTIMIZATION_LEVEL = 0;
				GCC_PREPROCESSOR_DEFINITIONS = (
					"DEBUG=1",
					"$(inherited)",
				);
				GCC_SYMBOLS_PRIVATE_EXTERN = NO;
				GCC_WARN_64_TO_32_BIT_CONVERSION = YES;
				GCC_WARN_ABOUT_RETURN_TYPE = YES_ERROR;
				GCC_WARN_UNDECLARED_SELECTOR = YES;
				GCC_WARN_UNINITIALIZED_AUTOS = YES_AGGRESSIVE;
				GCC_WARN_UNUSED_FUNCTION = YES;
				GCC_WARN_UNUSED_VARIABLE = YES;
				IPHONEOS_DEPLOYMENT_TARGET = 8.1;
				MTL_ENABLE_DEBUG_INFO = YES;
				ONLY_ACTIVE_ARCH = YES;
				SDKROOT = iphoneos;
			};
			name = Debug;
		};
		7665116E1A2331A70046F22C /* Release */ = {
			isa = XCBuildConfiguration;
			buildSettings = {
				ALWAYS_SEARCH_USER_PATHS = NO;
				CLANG_CXX_LANGUAGE_STANDARD = "gnu++0x";
				CLANG_CXX_LIBRARY = "libc++";
				CLANG_ENABLE_MODULES = YES;
				CLANG_ENABLE_OBJC_ARC = YES;
				CLANG_WARN_BOOL_CONVERSION = YES;
				CLANG_WARN_CONSTANT_CONVERSION = YES;
				CLANG_WARN_DIRECT_OBJC_ISA_USAGE = YES_ERROR;
				CLANG_WARN_EMPTY_BODY = YES;
				CLANG_WARN_ENUM_CONVERSION = YES;
				CLANG_WARN_INT_CONVERSION = YES;
				CLANG_WARN_OBJC_ROOT_CLASS = YES_ERROR;
				CLANG_WARN_UNREACHABLE_CODE = YES;
				CLANG_WARN__DUPLICATE_METHOD_MATCH = YES;
				"CODE_SIGN_IDENTITY[sdk=iphoneos*]" = "iPhone Developer";
				COPY_PHASE_STRIP = YES;
				ENABLE_NS_ASSERTIONS = NO;
				ENABLE_STRICT_OBJC_MSGSEND = YES;
				GCC_C_LANGUAGE_STANDARD = gnu99;
				GCC_WARN_64_TO_32_BIT_CONVERSION = YES;
				GCC_WARN_ABOUT_RETURN_TYPE = YES_ERROR;
				GCC_WARN_UNDECLARED_SELECTOR = YES;
				GCC_WARN_UNINITIALIZED_AUTOS = YES_AGGRESSIVE;
				GCC_WARN_UNUSED_FUNCTION = YES;
				GCC_WARN_UNUSED_VARIABLE = YES;
				IPHONEOS_DEPLOYMENT_TARGET = 8.1;
				MTL_ENABLE_DEBUG_INFO = NO;
				SDKROOT = iphoneos;
				VALIDATE_PRODUCT = YES;
			};
			name = Release;
		};
		766511701A2331A70046F22C /* Debug */ = {
			isa = XCBuildConfiguration;
			buildSettings = {
				ASSETCATALOG_COMPILER_APPICON_NAME = AppIcon;
				INFOPLIST_FILE = testBookDisplay_1/Info.plist;
				LD_RUNPATH_SEARCH_PATHS = "$(inherited) @executable_path/Frameworks";
				PRODUCT_NAME = "$(TARGET_NAME)";
			};
			name = Debug;
		};
		766511711A2331A70046F22C /* Release */ = {
			isa = XCBuildConfiguration;
			buildSettings = {
				ASSETCATALOG_COMPILER_APPICON_NAME = AppIcon;
				INFOPLIST_FILE = testBookDisplay_1/Info.plist;
				LD_RUNPATH_SEARCH_PATHS = "$(inherited) @executable_path/Frameworks";
				PRODUCT_NAME = "$(TARGET_NAME)";
			};
			name = Release;
		};
		766511731A2331A70046F22C /* Debug */ = {
			isa = XCBuildConfiguration;
			buildSettings = {
				BUNDLE_LOADER = "$(TEST_HOST)";
				FRAMEWORK_SEARCH_PATHS = (
					"$(SDKROOT)/Developer/Library/Frameworks",
					"$(inherited)",
				);
				GCC_PREPROCESSOR_DEFINITIONS = (
					"DEBUG=1",
					"$(inherited)",
				);
				INFOPLIST_FILE = testBookDisplay_1Tests/Info.plist;
				LD_RUNPATH_SEARCH_PATHS = "$(inherited) @executable_path/Frameworks @loader_path/Frameworks";
				PRODUCT_NAME = "$(TARGET_NAME)";
				TEST_HOST = "$(BUILT_PRODUCTS_DIR)/testBookDisplay_1.app/testBookDisplay_1";
			};
			name = Debug;
		};
		766511741A2331A70046F22C /* Release */ = {
			isa = XCBuildConfiguration;
			buildSettings = {
				BUNDLE_LOADER = "$(TEST_HOST)";
				FRAMEWORK_SEARCH_PATHS = (
					"$(SDKROOT)/Developer/Library/Frameworks",
					"$(inherited)",
				);
				INFOPLIST_FILE = testBookDisplay_1Tests/Info.plist;
				LD_RUNPATH_SEARCH_PATHS = "$(inherited) @executable_path/Frameworks @loader_path/Frameworks";
				PRODUCT_NAME = "$(TARGET_NAME)";
				TEST_HOST = "$(BUILT_PRODUCTS_DIR)/testBookDisplay_1.app/testBookDisplay_1";
			};
			name = Release;
		};
/* End XCBuildConfiguration section */

/* Begin XCConfigurationList section */
		766511471A2331A60046F22C /* Build configuration list for PBXProject "testBookDisplay_1" */ = {
			isa = XCConfigurationList;
			buildConfigurations = (
				7665116D1A2331A70046F22C /* Debug */,
				7665116E1A2331A70046F22C /* Release */,
			);
			defaultConfigurationIsVisible = 0;
			defaultConfigurationName = Release;
		};
		7665116F1A2331A70046F22C /* Build configuration list for PBXNativeTarget "testBookDisplay_1" */ = {
			isa = XCConfigurationList;
			buildConfigurations = (
				766511701A2331A70046F22C /* Debug */,
				766511711A2331A70046F22C /* Release */,
			);
			defaultConfigurationIsVisible = 0;
		};
		766511721A2331A70046F22C /* Build configuration list for PBXNativeTarget "testBookDisplay_1Tests" */ = {
			isa = XCConfigurationList;
			buildConfigurations = (
				766511731A2331A70046F22C /* Debug */,
				766511741A2331A70046F22C /* Release */,
			);
			defaultConfigurationIsVisible = 0;
		};
/* End XCConfigurationList section */
	};
	rootObject = 766511441A2331A60046F22C /* Project object */;
}
